
Microsoft Visual Studio Solution File, Format Version 12.00
# Visual Studio Version 16
VisualStudioVersion = 16.0.31129.286
MinimumVisualStudioVersion = 10.0.40219.1
Project("{FAE04EC0-301F-11D3-BF4B-00C04F79EFBC}") = "Automation", "Automation.csproj", "{A8F0BEE4-3047-4B9E-B866-D6C813812572}"
EndProject
Global
	GlobalSection(SolutionConfigurationPlatforms) = preSolution
		Debug|Any CPU = Debug|Any CPU
		Release|Any CPU = Release|Any CPU
	EndGlobalSection
	GlobalSection(ProjectConfigurationPlatforms) = postSolution
		{A8F0BEE4-3047-4B9E-B866-D6C813812572}.Debug|Any CPU.ActiveCfg = Debug|Any CPU
		{A8F0BEE4-3047-4B9E-B866-D6C813812572}.Debug|Any CPU.Build.0 = Debug|Any CPU
		{A8F0BEE4-3047-4B9E-B866-D6C813812572}.Release|Any CPU.ActiveCfg = Release|Any CPU
		{A8F0BEE4-3047-4B9E-B866-D6C813812572}.Release|Any CPU.Build.0 = Release|Any CPU
	EndGlobalSection
	GlobalSection(SolutionProperties) = preSolution
		HideSolutionNode = FALSE
	EndGlobalSection
	GlobalSection(ExtensibilityGlobals) = postSolution
		SolutionGuid = {45D06234-B865-403C-A495-DC9CCB99BD26}
	EndGlobalSection
EndGlobal
